
Microsoft Visual Studio Solution File, Format Version 12.00
# Visual Studio Version 17
VisualStudioVersion = 17.10.35013.160
MinimumVisualStudioVersion = 10.0.40219.1
Project("{FAE04EC0-301F-11D3-BF4B-00C04F79EFBC}") = "TemperatureConvertor", "TemperatureConvertor\TemperatureConvertor.csproj", "{287AEA09-A26E-4198-8EB3-FEDCC7F2F756}"
EndProject
Project("{FAE04EC0-301F-11D3-BF4B-00C04F79EFBC}") = "ConsoleClient", "ConsoleClient\ConsoleClient.csproj", "{FAC7F826-6931-44B4-BBA1-8836C733F2E8}"
EndProject
Global
	GlobalSection(SolutionConfigurationPlatforms) = preSolution
		Debug|Any CPU = Debug|Any CPU
		Release|Any CPU = Release|Any CPU
	EndGlobalSection
	GlobalSection(ProjectConfigurationPlatforms) = postSolution
		{287AEA09-A26E-4198-8EB3-FEDCC7F2F756}.Debug|Any CPU.ActiveCfg = Debug|Any CPU
		{287AEA09-A26E-4198-8EB3-FEDCC7F2F756}.Debug|Any CPU.Build.0 = Debug|Any CPU
		{287AEA09-A26E-4198-8EB3-FEDCC7F2F756}.Release|Any CPU.ActiveCfg = Release|Any CPU
		{287AEA09-A26E-4198-8EB3-FEDCC7F2F756}.Release|Any CPU.Build.0 = Release|Any CPU
		{FAC7F826-6931-44B4-BBA1-8836C733F2E8}.Debug|Any CPU.ActiveCfg = Debug|Any CPU
		{FAC7F826-6931-44B4-BBA1-8836C733F2E8}.Debug|Any CPU.Build.0 = Debug|Any CPU
		{FAC7F826-6931-44B4-BBA1-8836C733F2E8}.Release|Any CPU.ActiveCfg = Release|Any CPU
		{FAC7F826-6931-44B4-BBA1-8836C733F2E8}.Release|Any CPU.Build.0 = Release|Any CPU
	EndGlobalSection
	GlobalSection(SolutionProperties) = preSolution
		HideSolutionNode = FALSE
	EndGlobalSection
	GlobalSection(ExtensibilityGlobals) = postSolution
		SolutionGuid = {819E7BC5-2776-403E-814B-8BAF3CA06D8C}
	EndGlobalSection
EndGlobal
