
Microsoft Visual Studio Solution File, Format Version 12.00
# Visual Studio Version 17
VisualStudioVersion = 17.10.35013.160
MinimumVisualStudioVersion = 10.0.40219.1
Project("{FAE04EC0-301F-11D3-BF4B-00C04F79EFBC}") = "Assignment3", "Assignment3.csproj", "{545FCC61-7E1F-4200-8694-5BD58C25A475}"
EndProject
Global
	GlobalSection(SolutionConfigurationPlatforms) = preSolution
		Debug|Any CPU = Debug|Any CPU
		Release|Any CPU = Release|Any CPU
	EndGlobalSection
	GlobalSection(ProjectConfigurationPlatforms) = postSolution
		{545FCC61-7E1F-4200-8694-5BD58C25A475}.Debug|Any CPU.ActiveCfg = Debug|Any CPU
		{545FCC61-7E1F-4200-8694-5BD58C25A475}.Debug|Any CPU.Build.0 = Debug|Any CPU
		{545FCC61-7E1F-4200-8694-5BD58C25A475}.Release|Any CPU.ActiveCfg = Release|Any CPU
		{545FCC61-7E1F-4200-8694-5BD58C25A475}.Release|Any CPU.Build.0 = Release|Any CPU
	EndGlobalSection
	GlobalSection(SolutionProperties) = preSolution
		HideSolutionNode = FALSE
	EndGlobalSection
	GlobalSection(ExtensibilityGlobals) = postSolution
		SolutionGuid = {43CD43A4-B1C7-40A5-ADE4-E5CF4566D49A}
	EndGlobalSection
EndGlobal
