
Microsoft Visual Studio Solution File, Format Version 12.00
# Visual Studio Version 17
VisualStudioVersion = 17.10.35013.160
MinimumVisualStudioVersion = 10.0.40219.1
Project("{FAE04EC0-301F-11D3-BF4B-00C04F79EFBC}") = "Assignment4", "Assignment4.csproj", "{683B13D7-891D-479C-AC74-CCD56E8B6683}"
EndProject
Global
	GlobalSection(SolutionConfigurationPlatforms) = preSolution
		Debug|Any CPU = Debug|Any CPU
		Release|Any CPU = Release|Any CPU
	EndGlobalSection
	GlobalSection(ProjectConfigurationPlatforms) = postSolution
		{683B13D7-891D-479C-AC74-CCD56E8B6683}.Debug|Any CPU.ActiveCfg = Debug|Any CPU
		{683B13D7-891D-479C-AC74-CCD56E8B6683}.Debug|Any CPU.Build.0 = Debug|Any CPU
		{683B13D7-891D-479C-AC74-CCD56E8B6683}.Release|Any CPU.ActiveCfg = Release|Any CPU
		{683B13D7-891D-479C-AC74-CCD56E8B6683}.Release|Any CPU.Build.0 = Release|Any CPU
	EndGlobalSection
	GlobalSection(SolutionProperties) = preSolution
		HideSolutionNode = FALSE
	EndGlobalSection
	GlobalSection(ExtensibilityGlobals) = postSolution
		SolutionGuid = {A6ED3CF9-E19C-4841-A003-CD4E1BBAC3D5}
	EndGlobalSection
EndGlobal
