
Microsoft Visual Studio Solution File, Format Version 12.00
# Visual Studio Version 17
VisualStudioVersion = 17.10.35013.160
MinimumVisualStudioVersion = 10.0.40219.1
Project("{9A19103F-16F7-4668-BE54-9A1E7A4F7556}") = "MovieManagement", "MovieManagement.csproj", "{2AD3842D-1305-476F-9321-A8AA3BBF4855}"
EndProject
Global
	GlobalSection(SolutionConfigurationPlatforms) = preSolution
		Debug|Any CPU = Debug|Any CPU
		Release|Any CPU = Release|Any CPU
	EndGlobalSection
	GlobalSection(ProjectConfigurationPlatforms) = postSolution
		{2AD3842D-1305-476F-9321-A8AA3BBF4855}.Debug|Any CPU.ActiveCfg = Debug|Any CPU
		{2AD3842D-1305-476F-9321-A8AA3BBF4855}.Debug|Any CPU.Build.0 = Debug|Any CPU
		{2AD3842D-1305-476F-9321-A8AA3BBF4855}.Release|Any CPU.ActiveCfg = Release|Any CPU
		{2AD3842D-1305-476F-9321-A8AA3BBF4855}.Release|Any CPU.Build.0 = Release|Any CPU
	EndGlobalSection
	GlobalSection(SolutionProperties) = preSolution
		HideSolutionNode = FALSE
	EndGlobalSection
	GlobalSection(ExtensibilityGlobals) = postSolution
		SolutionGuid = {1F0FC188-981F-4F36-98A4-88D9916A334F}
	EndGlobalSection
EndGlobal
