
Microsoft Visual Studio Solution File, Format Version 12.00
# Visual Studio Version 17
VisualStudioVersion = 17.10.35013.160
MinimumVisualStudioVersion = 10.0.40219.1
Project("{FAE04EC0-301F-11D3-BF4B-00C04F79EFBC}") = "MovieManagement", "MovieManagement\MovieManagement.csproj", "{DCB1AAFA-281F-44D1-9D03-8A92AFA00849}"
EndProject
Global
	GlobalSection(SolutionConfigurationPlatforms) = preSolution
		Debug|Any CPU = Debug|Any CPU
		Release|Any CPU = Release|Any CPU
	EndGlobalSection
	GlobalSection(ProjectConfigurationPlatforms) = postSolution
		{DCB1AAFA-281F-44D1-9D03-8A92AFA00849}.Debug|Any CPU.ActiveCfg = Debug|Any CPU
		{DCB1AAFA-281F-44D1-9D03-8A92AFA00849}.Debug|Any CPU.Build.0 = Debug|Any CPU
		{DCB1AAFA-281F-44D1-9D03-8A92AFA00849}.Release|Any CPU.ActiveCfg = Release|Any CPU
		{DCB1AAFA-281F-44D1-9D03-8A92AFA00849}.Release|Any CPU.Build.0 = Release|Any CPU
	EndGlobalSection
	GlobalSection(SolutionProperties) = preSolution
		HideSolutionNode = FALSE
	EndGlobalSection
	GlobalSection(ExtensibilityGlobals) = postSolution
		SolutionGuid = {4AFD2C2D-1461-4E8F-98E6-6510EA18AFAA}
	EndGlobalSection
EndGlobal
